
Microsoft Visual Studio Solution File, Format Version 12.00
Project("{FAE04EC0-301F-11D3-BF4B-00C04F79EFBC}") = "BlazorApp", "BlazorApp\BlazorApp.csproj", "{7929EADF-A5F1-49DC-B087-FD77BAD76298}"
EndProject
Project("{FAE04EC0-301F-11D3-BF4B-00C04F79EFBC}") = "TestProject", "TestProject\TestProject.csproj", "{D875B337-B883-4905-B392-70E3E1DBF9C5}"
EndProject
Global
	GlobalSection(SolutionConfigurationPlatforms) = preSolution
		Debug|Any CPU = Debug|Any CPU
		Release|Any CPU = Release|Any CPU
	EndGlobalSection
	GlobalSection(ProjectConfigurationPlatforms) = postSolution
		{7929EADF-A5F1-49DC-B087-FD77BAD76298}.Debug|Any CPU.ActiveCfg = Debug|Any CPU
		{7929EADF-A5F1-49DC-B087-FD77BAD76298}.Debug|Any CPU.Build.0 = Debug|Any CPU
		{7929EADF-A5F1-49DC-B087-FD77BAD76298}.Release|Any CPU.ActiveCfg = Release|Any CPU
		{7929EADF-A5F1-49DC-B087-FD77BAD76298}.Release|Any CPU.Build.0 = Release|Any CPU
		{D875B337-B883-4905-B392-70E3E1DBF9C5}.Debug|Any CPU.ActiveCfg = Debug|Any CPU
		{D875B337-B883-4905-B392-70E3E1DBF9C5}.Debug|Any CPU.Build.0 = Debug|Any CPU
		{D875B337-B883-4905-B392-70E3E1DBF9C5}.Release|Any CPU.ActiveCfg = Release|Any CPU
		{D875B337-B883-4905-B392-70E3E1DBF9C5}.Release|Any CPU.Build.0 = Release|Any CPU
	EndGlobalSection
EndGlobal
